
Microsoft Visual Studio Solution File, Format Version 12.00
# Visual Studio Version 16
VisualStudioVersion = 16.0.31005.135
MinimumVisualStudioVersion = 10.0.40219.1
Project("{FAE04EC0-301F-11D3-BF4B-00C04F79EFBC}") = "View", "Biblioteca\View.csproj", "{80EA5020-A7C3-4A74-A3FB-5EA0FE9660E5}"
EndProject
Project("{FAE04EC0-301F-11D3-BF4B-00C04F79EFBC}") = "Controller", "Controller\Controller.csproj", "{B5A420BD-E5BC-4B1C-A6EF-27FFB7E8AB66}"
EndProject
Project("{FAE04EC0-301F-11D3-BF4B-00C04F79EFBC}") = "Model", "Model\Model.csproj", "{3497E6AC-4D69-4DA7-8F35-7419347EB8F5}"
EndProject
Global
	GlobalSection(SolutionConfigurationPlatforms) = preSolution
		Debug|Any CPU = Debug|Any CPU
		Release|Any CPU = Release|Any CPU
	EndGlobalSection
	GlobalSection(ProjectConfigurationPlatforms) = postSolution
		{80EA5020-A7C3-4A74-A3FB-5EA0FE9660E5}.Debug|Any CPU.ActiveCfg = Debug|Any CPU
		{80EA5020-A7C3-4A74-A3FB-5EA0FE9660E5}.Debug|Any CPU.Build.0 = Debug|Any CPU
		{80EA5020-A7C3-4A74-A3FB-5EA0FE9660E5}.Release|Any CPU.ActiveCfg = Release|Any CPU
		{80EA5020-A7C3-4A74-A3FB-5EA0FE9660E5}.Release|Any CPU.Build.0 = Release|Any CPU
		{B5A420BD-E5BC-4B1C-A6EF-27FFB7E8AB66}.Debug|Any CPU.ActiveCfg = Debug|Any CPU
		{B5A420BD-E5BC-4B1C-A6EF-27FFB7E8AB66}.Debug|Any CPU.Build.0 = Debug|Any CPU
		{B5A420BD-E5BC-4B1C-A6EF-27FFB7E8AB66}.Release|Any CPU.ActiveCfg = Release|Any CPU
		{B5A420BD-E5BC-4B1C-A6EF-27FFB7E8AB66}.Release|Any CPU.Build.0 = Release|Any CPU
		{3497E6AC-4D69-4DA7-8F35-7419347EB8F5}.Debug|Any CPU.ActiveCfg = Debug|Any CPU
		{3497E6AC-4D69-4DA7-8F35-7419347EB8F5}.Debug|Any CPU.Build.0 = Debug|Any CPU
		{3497E6AC-4D69-4DA7-8F35-7419347EB8F5}.Release|Any CPU.ActiveCfg = Release|Any CPU
		{3497E6AC-4D69-4DA7-8F35-7419347EB8F5}.Release|Any CPU.Build.0 = Release|Any CPU
	EndGlobalSection
	GlobalSection(SolutionProperties) = preSolution
		HideSolutionNode = FALSE
	EndGlobalSection
	GlobalSection(ExtensibilityGlobals) = postSolution
		SolutionGuid = {248A4F94-7414-420E-9E04-BDD03246958F}
	EndGlobalSection
EndGlobal
